<Solution>
  <Project Path="src/IndustrialSync.Api/IndustrialSync.Api.csproj" />
  <Project Path="src/IndustrialSync.Application/IndustrialSync.Application.csproj" />
  <Project Path="src/IndustrialSync.Domain/IndustrialSync.Domain.csproj" />
  <Project Path="src/IndustrialSync.Domain.Tests/IndustrialSync.Domain.Tests.csproj" />
  <Project Path="src/IndustrialSync.Infrastructure/IndustrialSync.Infrastructure.csproj" />
  <Project Path="src/IndustrialSync.Worker/IndustrialSync.Worker.csproj" />
</Solution>
